
Microsoft Visual Studio Solution File, Format Version 12.00
# Visual Studio Version 17
VisualStudioVersion = 17.4.33205.214
MinimumVisualStudioVersion = 10.0.40219.1
Project("{FAE04EC0-301F-11D3-BF4B-00C04F79EFBC}") = "Project_1279790", "Project_1279790\Project_1279790.csproj", "{208B40FC-BA93-4E8A-AD6E-33CFD4B8C593}"
EndProject
Global
	GlobalSection(SolutionConfigurationPlatforms) = preSolution
		Debug|Any CPU = Debug|Any CPU
		Release|Any CPU = Release|Any CPU
	EndGlobalSection
	GlobalSection(ProjectConfigurationPlatforms) = postSolution
		{208B40FC-BA93-4E8A-AD6E-33CFD4B8C593}.Debug|Any CPU.ActiveCfg = Debug|Any CPU
		{208B40FC-BA93-4E8A-AD6E-33CFD4B8C593}.Debug|Any CPU.Build.0 = Debug|Any CPU
		{208B40FC-BA93-4E8A-AD6E-33CFD4B8C593}.Release|Any CPU.ActiveCfg = Release|Any CPU
		{208B40FC-BA93-4E8A-AD6E-33CFD4B8C593}.Release|Any CPU.Build.0 = Release|Any CPU
	EndGlobalSection
	GlobalSection(SolutionProperties) = preSolution
		HideSolutionNode = FALSE
	EndGlobalSection
	GlobalSection(ExtensibilityGlobals) = postSolution
		SolutionGuid = {9C425C0E-2984-40EF-81CD-EAA20E92FC64}
	EndGlobalSection
EndGlobal
